// !$*UTF8*$!
{
	archiveVersion = 1;
	classes = {
	};
	objectVersion = 46;
	objects = {

/* Begin PBXBuildFile section */
		351B950BBBC0C3C497174B4F /* libPods.a in Frameworks */ = {isa = PBXBuildFile; fileRef = D8214AFD7360B795E86E35A6 /* libPods.a */; };
		97002F0E1BC91679002BF217 /* Photo.swift in Sources */ = {isa = PBXBuildFile; fileRef = 97002F0D1BC91679002BF217 /* Photo.swift */; };
		97140FD91A99282300B2F49A /* MemoryAlbum.swift in Sources */ = {isa = PBXBuildFile; fileRef = 97140FD81A99282300B2F49A /* MemoryAlbum.swift */; };
		9717D3EF1B9254D3006455D8 /* ShareController.swift in Sources */ = {isa = PBXBuildFile; fileRef = 9717D3EE1B9254D3006455D8 /* ShareController.swift */; };
		971807451BEE75DB007B759B /* Invitee.swift in Sources */ = {isa = PBXBuildFile; fileRef = 971807441BEE75DB007B759B /* Invitee.swift */; };
		972006A11A90ECC100B5E74C /* MapPinView.swift in Sources */ = {isa = PBXBuildFile; fileRef = 972006A01A90ECC100B5E74C /* MapPinView.swift */; };
		972006A31A90ED2B00B5E74C /* MapPinCallout.swift in Sources */ = {isa = PBXBuildFile; fileRef = 972006A21A90ED2B00B5E74C /* MapPinCallout.swift */; };
		972006A51A910E7500B5E74C /* PhotoAlbum.swift in Sources */ = {isa = PBXBuildFile; fileRef = 972006A41A910E7500B5E74C /* PhotoAlbum.swift */; };
		972006A71A9140FB00B5E74C /* DescriptionView.xib in Resources */ = {isa = PBXBuildFile; fileRef = 972006A61A9140FB00B5E74C /* DescriptionView.xib */; };
		9725CD381A98D22C0081C1B3 /* Firebase.framework in Frameworks */ = {isa = PBXBuildFile; fileRef = 9725CD371A98D22C0081C1B3 /* Firebase.framework */; };
		9725CD3A1A98D26E0081C1B3 /* libicucore.dylib in Frameworks */ = {isa = PBXBuildFile; fileRef = 9725CD391A98D26E0081C1B3 /* libicucore.dylib */; };
		9725CD3C1A98D2950081C1B3 /* libc++.dylib in Frameworks */ = {isa = PBXBuildFile; fileRef = 9725CD3B1A98D2950081C1B3 /* libc++.dylib */; };
		9725CD3E1A98D2AA0081C1B3 /* CFNetwork.framework in Frameworks */ = {isa = PBXBuildFile; fileRef = 9725CD3D1A98D2AA0081C1B3 /* CFNetwork.framework */; };
		9725CD401A98D2BE0081C1B3 /* Security.framework in Frameworks */ = {isa = PBXBuildFile; fileRef = 9725CD3F1A98D2BE0081C1B3 /* Security.framework */; };
		9725CD421A98D2C60081C1B3 /* SystemConfiguration.framework in Frameworks */ = {isa = PBXBuildFile; fileRef = 9725CD411A98D2C60081C1B3 /* SystemConfiguration.framework */; };
		9725CD441A98D58B0081C1B3 /* Sharer.swift in Sources */ = {isa = PBXBuildFile; fileRef = 9725CD431A98D58B0081C1B3 /* Sharer.swift */; };
		973F25221C0B7A2D0034A235 /* Flag.swift in Sources */ = {isa = PBXBuildFile; fileRef = 973F25211C0B7A2D0034A235 /* Flag.swift */; };
		973F25251C0B7C450034A235 /* FlagState.swift in Sources */ = {isa = PBXBuildFile; fileRef = 973F25241C0B7C450034A235 /* FlagState.swift */; };
		973F25281C0B7EC50034A235 /* FlagToken.swift in Sources */ = {isa = PBXBuildFile; fileRef = 973F25271C0B7EC50034A235 /* FlagToken.swift */; };
		973F252B1C0B8F1E0034A235 /* StateMachineError.swift in Sources */ = {isa = PBXBuildFile; fileRef = 973F252A1C0B8F1E0034A235 /* StateMachineError.swift */; };
		973F252E1C0BA6F50034A235 /* Invitee2.swift in Sources */ = {isa = PBXBuildFile; fileRef = 973F252D1C0BA6F50034A235 /* Invitee2.swift */; };
		973F25311C0BA8D60034A235 /* InviteeState.swift in Sources */ = {isa = PBXBuildFile; fileRef = 973F25301C0BA8D60034A235 /* InviteeState.swift */; };
		97420BBE1A92A0320076E561 /* AddMemoryController.swift in Sources */ = {isa = PBXBuildFile; fileRef = 97420BBD1A92A0320076E561 /* AddMemoryController.swift */; };
		9749EE451BF749E300C1606B /* Global.swift in Sources */ = {isa = PBXBuildFile; fileRef = 9749EE441BF749E300C1606B /* Global.swift */; };
		9759BF6C1A802AD300B945CB /* illbebackinfo.plist in Resources */ = {isa = PBXBuildFile; fileRef = 9759BF6B1A802AD300B945CB /* illbebackinfo.plist */; };
		9759BF6E1A802C4100B945CB /* CoreLocation.framework in Frameworks */ = {isa = PBXBuildFile; fileRef = 9759BF6D1A802C4100B945CB /* CoreLocation.framework */; };
		9759BF701A80318300B945CB /* ImageIO.framework in Frameworks */ = {isa = PBXBuildFile; fileRef = 9759BF6F1A80318300B945CB /* ImageIO.framework */; };
		975CD7441AFFD6E800662BFC /* ZoomController.swift in Sources */ = {isa = PBXBuildFile; fileRef = 975CD7431AFFD6E800662BFC /* ZoomController.swift */; };
		976696EB1A8A992D004CB60D /* QuartzCore.framework in Frameworks */ = {isa = PBXBuildFile; fileRef = 976696EA1A8A992D004CB60D /* QuartzCore.framework */; };
		976696ED1A8A9EF4004CB60D /* CategoryController.swift in Sources */ = {isa = PBXBuildFile; fileRef = 976696EC1A8A9EF4004CB60D /* CategoryController.swift */; };
		976696EF1A8AA317004CB60D /* CategoryView.xib in Resources */ = {isa = PBXBuildFile; fileRef = 976696EE1A8AA317004CB60D /* CategoryView.xib */; };
		9772846C1A8A818B00CE628D /* user.plist in Resources */ = {isa = PBXBuildFile; fileRef = 9772846B1A8A818B00CE628D /* user.plist */; };
		97767D521B9088F300B6A827 /* SearchView.xib in Resources */ = {isa = PBXBuildFile; fileRef = 97767D511B9088F300B6A827 /* SearchView.xib */; };
		97767D541B91901600B6A827 /* ShapeController.swift in Sources */ = {isa = PBXBuildFile; fileRef = 97767D531B91901600B6A827 /* ShapeController.swift */; };
		97767D581B91B2BD00B6A827 /* ShapeCorner.swift in Sources */ = {isa = PBXBuildFile; fileRef = 97767D571B91B2BD00B6A827 /* ShapeCorner.swift */; };
		97767D5A1B91B3D800B6A827 /* ShapeCornerView.swift in Sources */ = {isa = PBXBuildFile; fileRef = 97767D591B91B3D800B6A827 /* ShapeCornerView.swift */; };
		97767D5C1B91DE2200B6A827 /* ShapeOptions.xib in Resources */ = {isa = PBXBuildFile; fileRef = 97767D5B1B91DE2200B6A827 /* ShapeOptions.xib */; };
		9793DB621A8414EB007324F2 /* LLSimpleCamera.h in Sources */ = {isa = PBXBuildFile; fileRef = 97FC732B1A840B8D00676F16 /* LLSimpleCamera.h */; };
		9793DB631A8414EB007324F2 /* LLSimpleCamera.m in Sources */ = {isa = PBXBuildFile; fileRef = 97FC732C1A840B8D00676F16 /* LLSimpleCamera.m */; };
		9793DB641A8414EB007324F2 /* UIImage+FixOrientation.h in Sources */ = {isa = PBXBuildFile; fileRef = 97FC732D1A840B8D00676F16 /* UIImage+FixOrientation.h */; };
		9793DB651A8414EB007324F2 /* UIImage+FixOrientation.m in Sources */ = {isa = PBXBuildFile; fileRef = 97FC732E1A840B8D00676F16 /* UIImage+FixOrientation.m */; };
		979F850B1AA11B8600A11F7F /* Camera.swift in Sources */ = {isa = PBXBuildFile; fileRef = 979F850A1AA11B8600A11F7F /* Camera.swift */; };
		97A353491A800B9500973CAC /* AppDelegate.swift in Sources */ = {isa = PBXBuildFile; fileRef = 97A353481A800B9500973CAC /* AppDelegate.swift */; };
		97A3534B1A800B9500973CAC /* RememberController.swift in Sources */ = {isa = PBXBuildFile; fileRef = 97A3534A1A800B9500973CAC /* RememberController.swift */; };
		97A3534D1A800B9500973CAC /* MemoriesController.swift in Sources */ = {isa = PBXBuildFile; fileRef = 97A3534C1A800B9500973CAC /* MemoriesController.swift */; };
		97A353501A800B9500973CAC /* Main.storyboard in Resources */ = {isa = PBXBuildFile; fileRef = 97A3534E1A800B9500973CAC /* Main.storyboard */; };
		97A353551A800B9500973CAC /* LaunchScreen.xib in Resources */ = {isa = PBXBuildFile; fileRef = 97A353531A800B9500973CAC /* LaunchScreen.xib */; };
		97A3536B1A800EF500973CAC /* Media.xcassets in Resources */ = {isa = PBXBuildFile; fileRef = 97A3536A1A800EF500973CAC /* Media.xcassets */; };
		97A3536D1A801CFA00973CAC /* MapKit.framework in Frameworks */ = {isa = PBXBuildFile; fileRef = 97A3536C1A801CFA00973CAC /* MapKit.framework */; };
		97AA0CFB1AFFFBFB007199A8 /* NewUser.xib in Resources */ = {isa = PBXBuildFile; fileRef = 97AA0CFA1AFFFBFB007199A8 /* NewUser.xib */; };
		97B05E221BC468FB00B24BEC /* ZoomSwipeController.swift in Sources */ = {isa = PBXBuildFile; fileRef = 97B05E211BC468FB00B24BEC /* ZoomSwipeController.swift */; };
		97B05E261BC4746100B24BEC /* ZoomPageControl.xib in Resources */ = {isa = PBXBuildFile; fileRef = 97B05E251BC4746100B24BEC /* ZoomPageControl.xib */; };
		97C7325A1C0E5A70002B5214 /* BackmapUITests.swift in Sources */ = {isa = PBXBuildFile; fileRef = 97C732591C0E5A70002B5214 /* BackmapUITests.swift */; };
		97C732621C0E5B0C002B5214 /* FlagTest.swift in Sources */ = {isa = PBXBuildFile; fileRef = 973F251F1C0B7A160034A235 /* FlagTest.swift */; };
		97C732631C0E5B0C002B5214 /* InviteeTest.swift in Sources */ = {isa = PBXBuildFile; fileRef = 973F25331C0BA9610034A235 /* InviteeTest.swift */; };
		97C732641C0E5B73002B5214 /* Flag.swift in Sources */ = {isa = PBXBuildFile; fileRef = 973F25211C0B7A2D0034A235 /* Flag.swift */; };
		97C732651C0E5B73002B5214 /* FlagState.swift in Sources */ = {isa = PBXBuildFile; fileRef = 973F25241C0B7C450034A235 /* FlagState.swift */; };
		97C732661C0E5B73002B5214 /* FlagToken.swift in Sources */ = {isa = PBXBuildFile; fileRef = 973F25271C0B7EC50034A235 /* FlagToken.swift */; };
		97C732671C0E5B73002B5214 /* StateMachineError.swift in Sources */ = {isa = PBXBuildFile; fileRef = 973F252A1C0B8F1E0034A235 /* StateMachineError.swift */; };
		97C732681C0E5B73002B5214 /* Invitee2.swift in Sources */ = {isa = PBXBuildFile; fileRef = 973F252D1C0BA6F50034A235 /* Invitee2.swift */; };
		97C732691C0E5B73002B5214 /* InviteeState.swift in Sources */ = {isa = PBXBuildFile; fileRef = 973F25301C0BA8D60034A235 /* InviteeState.swift */; };
		97C7326A1C0E5BA0002B5214 /* User.swift in Sources */ = {isa = PBXBuildFile; fileRef = 97FE667F1A9A19570007FC2C /* User.swift */; };
		97C7326C1C0E608D002B5214 /* FlagStateTest.swift in Sources */ = {isa = PBXBuildFile; fileRef = 97C7326B1C0E608D002B5214 /* FlagStateTest.swift */; };
		97E3B9181A857A00007DB06E /* MapPin.swift in Sources */ = {isa = PBXBuildFile; fileRef = 97E3B9171A857A00007DB06E /* MapPin.swift */; };
		97EA3FFD1AFE078D005507BF /* RephotoController.swift in Sources */ = {isa = PBXBuildFile; fileRef = 97EA3FFC1AFE078D005507BF /* RephotoController.swift */; };
		97EA3FFF1AFE9A1C005507BF /* Black.xib in Resources */ = {isa = PBXBuildFile; fileRef = 97EA3FFE1AFE9A1C005507BF /* Black.xib */; };
		97EA40011AFEA36B005507BF /* AVFoundation.framework in Frameworks */ = {isa = PBXBuildFile; fileRef = 97EA40001AFEA36B005507BF /* AVFoundation.framework */; };
		97EA40031AFEB74C005507BF /* shutter.mp3 in Resources */ = {isa = PBXBuildFile; fileRef = 97EA40021AFEB74C005507BF /* shutter.mp3 */; };
		97F438171A991CEC00A33FD2 /* Memory.swift in Sources */ = {isa = PBXBuildFile; fileRef = 97F438161A991CEC00A33FD2 /* Memory.swift */; };
		97FA33431BF7BEFE00248F67 /* Events.xib in Resources */ = {isa = PBXBuildFile; fileRef = 97FA33421BF7BEFE00248F67 /* Events.xib */; };
		97FA33451BF7E18800248F67 /* EventController.swift in Sources */ = {isa = PBXBuildFile; fileRef = 97FA33441BF7E18800248F67 /* EventController.swift */; };
		97FA33471BF7E3A400248F67 /* Event.xib in Resources */ = {isa = PBXBuildFile; fileRef = 97FA33461BF7E3A400248F67 /* Event.xib */; };
		97FA33491BF7E52600248F67 /* EventView.swift in Sources */ = {isa = PBXBuildFile; fileRef = 97FA33481BF7E52600248F67 /* EventView.swift */; };
		97FC86671C00EEB600C30C56 /* FlagView.xib in Resources */ = {isa = PBXBuildFile; fileRef = 97FC86661C00EEB600C30C56 /* FlagView.xib */; };
		97FC86691C00EED400C30C56 /* FlagsView.xib in Resources */ = {isa = PBXBuildFile; fileRef = 97FC86681C00EED400C30C56 /* FlagsView.xib */; };
		97FC866B1C00F44D00C30C56 /* FlagView.swift in Sources */ = {isa = PBXBuildFile; fileRef = 97FC866A1C00F44D00C30C56 /* FlagView.swift */; };
		97FC866D1C00F45D00C30C56 /* FlagController.swift in Sources */ = {isa = PBXBuildFile; fileRef = 97FC866C1C00F45D00C30C56 /* FlagController.swift */; };
		97FE667C1A99EB1E0007FC2C /* ShareView.xib in Resources */ = {isa = PBXBuildFile; fileRef = 97FE667B1A99EB1E0007FC2C /* ShareView.xib */; };
		97FE667E1A99FC220007FC2C /* Modal.swift in Sources */ = {isa = PBXBuildFile; fileRef = 97FE667D1A99FC220007FC2C /* Modal.swift */; };
		97FE66801A9A19570007FC2C /* User.swift in Sources */ = {isa = PBXBuildFile; fileRef = 97FE667F1A9A19570007FC2C /* User.swift */; };
		97FE66821A9A1A400007FC2C /* memories.plist in Resources */ = {isa = PBXBuildFile; fileRef = 97FE66811A9A1A400007FC2C /* memories.plist */; };
		97FE66841A9A50C60007FC2C /* MessageView.xib in Resources */ = {isa = PBXBuildFile; fileRef = 97FE66831A9A50C60007FC2C /* MessageView.xib */; };
/* End PBXBuildFile section */

/* Begin PBXContainerItemProxy section */
		97C7325C1C0E5A70002B5214 /* PBXContainerItemProxy */ = {
			isa = PBXContainerItemProxy;
			containerPortal = 97A3533B1A800B9500973CAC /* Project object */;
			proxyType = 1;
			remoteGlobalIDString = 97A353421A800B9500973CAC;
			remoteInfo = illbeback;
		};
/* End PBXContainerItemProxy section */

/* Begin PBXFileReference section */
		3395B5D75F7716A51B4FAC20 /* Pods.debug.xcconfig */ = {isa = PBXFileReference; includeInIndex = 1; lastKnownFileType = text.xcconfig; name = Pods.debug.xcconfig; path = "Pods/Target Support Files/Pods/Pods.debug.xcconfig"; sourceTree = "<group>"; };
		8D2932CC8DC9A55330BCF225 /* Pods.release.xcconfig */ = {isa = PBXFileReference; includeInIndex = 1; lastKnownFileType = text.xcconfig; name = Pods.release.xcconfig; path = "Pods/Target Support Files/Pods/Pods.release.xcconfig"; sourceTree = "<group>"; };
		97002F0D1BC91679002BF217 /* Photo.swift */ = {isa = PBXFileReference; fileEncoding = 4; lastKnownFileType = sourcecode.swift; path = Photo.swift; sourceTree = "<group>"; };
		97140FD81A99282300B2F49A /* MemoryAlbum.swift */ = {isa = PBXFileReference; fileEncoding = 4; lastKnownFileType = sourcecode.swift; path = MemoryAlbum.swift; sourceTree = "<group>"; };
		9717D3EE1B9254D3006455D8 /* ShareController.swift */ = {isa = PBXFileReference; fileEncoding = 4; lastKnownFileType = sourcecode.swift; path = ShareController.swift; sourceTree = "<group>"; };
		971807441BEE75DB007B759B /* Invitee.swift */ = {isa = PBXFileReference; fileEncoding = 4; lastKnownFileType = sourcecode.swift; path = Invitee.swift; sourceTree = "<group>"; };
		972006A01A90ECC100B5E74C /* MapPinView.swift */ = {isa = PBXFileReference; fileEncoding = 4; lastKnownFileType = sourcecode.swift; path = MapPinView.swift; sourceTree = "<group>"; };
		972006A21A90ED2B00B5E74C /* MapPinCallout.swift */ = {isa = PBXFileReference; fileEncoding = 4; lastKnownFileType = sourcecode.swift; path = MapPinCallout.swift; sourceTree = "<group>"; };
		972006A41A910E7500B5E74C /* PhotoAlbum.swift */ = {isa = PBXFileReference; fileEncoding = 4; lastKnownFileType = sourcecode.swift; path = PhotoAlbum.swift; sourceTree = "<group>"; };
		972006A61A9140FB00B5E74C /* DescriptionView.xib */ = {isa = PBXFileReference; fileEncoding = 4; lastKnownFileType = file.xib; path = DescriptionView.xib; sourceTree = "<group>"; };
		9725CD371A98D22C0081C1B3 /* Firebase.framework */ = {isa = PBXFileReference; lastKnownFileType = wrapper.framework; path = Firebase.framework; sourceTree = "<group>"; };
		9725CD391A98D26E0081C1B3 /* libicucore.dylib */ = {isa = PBXFileReference; lastKnownFileType = "compiled.mach-o.dylib"; name = libicucore.dylib; path = usr/lib/libicucore.dylib; sourceTree = SDKROOT; };
		9725CD3B1A98D2950081C1B3 /* libc++.dylib */ = {isa = PBXFileReference; lastKnownFileType = "compiled.mach-o.dylib"; name = "libc++.dylib"; path = "usr/lib/libc++.dylib"; sourceTree = SDKROOT; };
		9725CD3D1A98D2AA0081C1B3 /* CFNetwork.framework */ = {isa = PBXFileReference; lastKnownFileType = wrapper.framework; name = CFNetwork.framework; path = System/Library/Frameworks/CFNetwork.framework; sourceTree = SDKROOT; };
		9725CD3F1A98D2BE0081C1B3 /* Security.framework */ = {isa = PBXFileReference; lastKnownFileType = wrapper.framework; name = Security.framework; path = System/Library/Frameworks/Security.framework; sourceTree = SDKROOT; };
		9725CD411A98D2C60081C1B3 /* SystemConfiguration.framework */ = {isa = PBXFileReference; lastKnownFileType = wrapper.framework; name = SystemConfiguration.framework; path = System/Library/Frameworks/SystemConfiguration.framework; sourceTree = SDKROOT; };
		9725CD431A98D58B0081C1B3 /* Sharer.swift */ = {isa = PBXFileReference; fileEncoding = 4; lastKnownFileType = sourcecode.swift; path = Sharer.swift; sourceTree = "<group>"; };
		973ABB2A1A99048300564820 /* libPods-AWSCognitoSync.a */ = {isa = PBXFileReference; lastKnownFileType = archive.ar; name = "libPods-AWSCognitoSync.a"; path = "Pods/build/Debug-iphoneos/libPods-AWSCognitoSync.a"; sourceTree = "<group>"; };
		973ABB2B1A99048300564820 /* libPods-AWSiOSSDKv2.a */ = {isa = PBXFileReference; lastKnownFileType = archive.ar; name = "libPods-AWSiOSSDKv2.a"; path = "Pods/build/Debug-iphoneos/libPods-AWSiOSSDKv2.a"; sourceTree = "<group>"; };
		973F251F1C0B7A160034A235 /* FlagTest.swift */ = {isa = PBXFileReference; fileEncoding = 4; lastKnownFileType = sourcecode.swift; path = FlagTest.swift; sourceTree = "<group>"; };
		973F25211C0B7A2D0034A235 /* Flag.swift */ = {isa = PBXFileReference; fileEncoding = 4; lastKnownFileType = sourcecode.swift; path = Flag.swift; sourceTree = "<group>"; };
		973F25241C0B7C450034A235 /* FlagState.swift */ = {isa = PBXFileReference; fileEncoding = 4; lastKnownFileType = sourcecode.swift; path = FlagState.swift; sourceTree = "<group>"; };
		973F25271C0B7EC50034A235 /* FlagToken.swift */ = {isa = PBXFileReference; fileEncoding = 4; lastKnownFileType = sourcecode.swift; path = FlagToken.swift; sourceTree = "<group>"; };
		973F252A1C0B8F1E0034A235 /* StateMachineError.swift */ = {isa = PBXFileReference; fileEncoding = 4; lastKnownFileType = sourcecode.swift; path = StateMachineError.swift; sourceTree = "<group>"; };
		973F252D1C0BA6F50034A235 /* Invitee2.swift */ = {isa = PBXFileReference; fileEncoding = 4; lastKnownFileType = sourcecode.swift; path = Invitee2.swift; sourceTree = "<group>"; };
		973F25301C0BA8D60034A235 /* InviteeState.swift */ = {isa = PBXFileReference; fileEncoding = 4; lastKnownFileType = sourcecode.swift; path = InviteeState.swift; sourceTree = "<group>"; };
		973F25331C0BA9610034A235 /* InviteeTest.swift */ = {isa = PBXFileReference; fileEncoding = 4; lastKnownFileType = sourcecode.swift; path = InviteeTest.swift; sourceTree = "<group>"; };
		97420BBD1A92A0320076E561 /* AddMemoryController.swift */ = {isa = PBXFileReference; fileEncoding = 4; lastKnownFileType = sourcecode.swift; path = AddMemoryController.swift; sourceTree = "<group>"; };
		9749EE441BF749E300C1606B /* Global.swift */ = {isa = PBXFileReference; fileEncoding = 4; lastKnownFileType = sourcecode.swift; path = Global.swift; sourceTree = "<group>"; };
		9759BF6B1A802AD300B945CB /* illbebackinfo.plist */ = {isa = PBXFileReference; fileEncoding = 4; lastKnownFileType = text.plist.xml; path = illbebackinfo.plist; sourceTree = "<group>"; };
		9759BF6D1A802C4100B945CB /* CoreLocation.framework */ = {isa = PBXFileReference; lastKnownFileType = wrapper.framework; name = CoreLocation.framework; path = System/Library/Frameworks/CoreLocation.framework; sourceTree = SDKROOT; };
		9759BF6F1A80318300B945CB /* ImageIO.framework */ = {isa = PBXFileReference; lastKnownFileType = wrapper.framework; name = ImageIO.framework; path = System/Library/Frameworks/ImageIO.framework; sourceTree = SDKROOT; };
		975CD7431AFFD6E800662BFC /* ZoomController.swift */ = {isa = PBXFileReference; fileEncoding = 4; lastKnownFileType = sourcecode.swift; path = ZoomController.swift; sourceTree = "<group>"; };
		976696EA1A8A992D004CB60D /* QuartzCore.framework */ = {isa = PBXFileReference; lastKnownFileType = wrapper.framework; name = QuartzCore.framework; path = System/Library/Frameworks/QuartzCore.framework; sourceTree = SDKROOT; };
		976696EC1A8A9EF4004CB60D /* CategoryController.swift */ = {isa = PBXFileReference; fileEncoding = 4; lastKnownFileType = sourcecode.swift; path = CategoryController.swift; sourceTree = "<group>"; };
		976696EE1A8AA317004CB60D /* CategoryView.xib */ = {isa = PBXFileReference; fileEncoding = 4; lastKnownFileType = file.xib; path = CategoryView.xib; sourceTree = "<group>"; };
		9772846B1A8A818B00CE628D /* user.plist */ = {isa = PBXFileReference; fileEncoding = 4; lastKnownFileType = text.plist.xml; path = user.plist; sourceTree = "<group>"; };
		97767D511B9088F300B6A827 /* SearchView.xib */ = {isa = PBXFileReference; fileEncoding = 4; lastKnownFileType = file.xib; path = SearchView.xib; sourceTree = "<group>"; };
		97767D531B91901600B6A827 /* ShapeController.swift */ = {isa = PBXFileReference; fileEncoding = 4; lastKnownFileType = sourcecode.swift; path = ShapeController.swift; sourceTree = "<group>"; };
		97767D571B91B2BD00B6A827 /* ShapeCorner.swift */ = {isa = PBXFileReference; fileEncoding = 4; lastKnownFileType = sourcecode.swift; path = ShapeCorner.swift; sourceTree = "<group>"; };
		97767D591B91B3D800B6A827 /* ShapeCornerView.swift */ = {isa = PBXFileReference; fileEncoding = 4; lastKnownFileType = sourcecode.swift; path = ShapeCornerView.swift; sourceTree = "<group>"; };
		97767D5B1B91DE2200B6A827 /* ShapeOptions.xib */ = {isa = PBXFileReference; fileEncoding = 4; lastKnownFileType = file.xib; path = ShapeOptions.xib; sourceTree = "<group>"; };
		9793DB5B1A840DEB007324F2 /* illbeback-Bridging-Header.h */ = {isa = PBXFileReference; fileEncoding = 4; lastKnownFileType = sourcecode.c.h; path = "illbeback-Bridging-Header.h"; sourceTree = "<group>"; };
		979F850A1AA11B8600A11F7F /* Camera.swift */ = {isa = PBXFileReference; fileEncoding = 4; lastKnownFileType = sourcecode.swift; path = Camera.swift; sourceTree = "<group>"; };
		97A353431A800B9500973CAC /* I'll Be Back.app */ = {isa = PBXFileReference; explicitFileType = wrapper.application; includeInIndex = 0; path = "I'll Be Back.app"; sourceTree = BUILT_PRODUCTS_DIR; };
		97A353471A800B9500973CAC /* Info.plist */ = {isa = PBXFileReference; lastKnownFileType = text.plist.xml; path = Info.plist; sourceTree = "<group>"; };
		97A353481A800B9500973CAC /* AppDelegate.swift */ = {isa = PBXFileReference; lastKnownFileType = sourcecode.swift; path = AppDelegate.swift; sourceTree = "<group>"; };
		97A3534A1A800B9500973CAC /* RememberController.swift */ = {isa = PBXFileReference; lastKnownFileType = sourcecode.swift; path = RememberController.swift; sourceTree = "<group>"; };
		97A3534C1A800B9500973CAC /* MemoriesController.swift */ = {isa = PBXFileReference; lastKnownFileType = sourcecode.swift; path = MemoriesController.swift; sourceTree = "<group>"; };
		97A3534F1A800B9500973CAC /* Base */ = {isa = PBXFileReference; lastKnownFileType = file.storyboard; name = Base; path = Base.lproj/Main.storyboard; sourceTree = "<group>"; };
		97A353541A800B9500973CAC /* Base */ = {isa = PBXFileReference; lastKnownFileType = file.xib; name = Base; path = Base.lproj/LaunchScreen.xib; sourceTree = "<group>"; };
		97A3536A1A800EF500973CAC /* Media.xcassets */ = {isa = PBXFileReference; lastKnownFileType = folder.assetcatalog; path = Media.xcassets; sourceTree = "<group>"; };
		97A3536C1A801CFA00973CAC /* MapKit.framework */ = {isa = PBXFileReference; lastKnownFileType = wrapper.framework; name = MapKit.framework; path = System/Library/Frameworks/MapKit.framework; sourceTree = SDKROOT; };
		97AA0CFA1AFFFBFB007199A8 /* NewUser.xib */ = {isa = PBXFileReference; fileEncoding = 4; lastKnownFileType = file.xib; path = NewUser.xib; sourceTree = "<group>"; };
		97B05E211BC468FB00B24BEC /* ZoomSwipeController.swift */ = {isa = PBXFileReference; fileEncoding = 4; lastKnownFileType = sourcecode.swift; path = ZoomSwipeController.swift; sourceTree = "<group>"; };
		97B05E251BC4746100B24BEC /* ZoomPageControl.xib */ = {isa = PBXFileReference; fileEncoding = 4; lastKnownFileType = file.xib; path = ZoomPageControl.xib; sourceTree = "<group>"; };
		97C732571C0E5A70002B5214 /* BackmapUITests.xctest */ = {isa = PBXFileReference; explicitFileType = wrapper.cfbundle; includeInIndex = 0; path = BackmapUITests.xctest; sourceTree = BUILT_PRODUCTS_DIR; };
		97C732591C0E5A70002B5214 /* BackmapUITests.swift */ = {isa = PBXFileReference; lastKnownFileType = sourcecode.swift; path = BackmapUITests.swift; sourceTree = "<group>"; };
		97C7325B1C0E5A70002B5214 /* Info.plist */ = {isa = PBXFileReference; lastKnownFileType = text.plist.xml; path = Info.plist; sourceTree = "<group>"; };
		97C7326B1C0E608D002B5214 /* FlagStateTest.swift */ = {isa = PBXFileReference; fileEncoding = 4; lastKnownFileType = sourcecode.swift; path = FlagStateTest.swift; sourceTree = "<group>"; };
		97E3B9171A857A00007DB06E /* MapPin.swift */ = {isa = PBXFileReference; fileEncoding = 4; lastKnownFileType = sourcecode.swift; path = MapPin.swift; sourceTree = "<group>"; };
		97EA3FFC1AFE078D005507BF /* RephotoController.swift */ = {isa = PBXFileReference; fileEncoding = 4; lastKnownFileType = sourcecode.swift; path = RephotoController.swift; sourceTree = "<group>"; };
		97EA3FFE1AFE9A1C005507BF /* Black.xib */ = {isa = PBXFileReference; fileEncoding = 4; lastKnownFileType = file.xib; path = Black.xib; sourceTree = "<group>"; };
		97EA40001AFEA36B005507BF /* AVFoundation.framework */ = {isa = PBXFileReference; lastKnownFileType = wrapper.framework; name = AVFoundation.framework; path = System/Library/Frameworks/AVFoundation.framework; sourceTree = SDKROOT; };
		97EA40021AFEB74C005507BF /* shutter.mp3 */ = {isa = PBXFileReference; lastKnownFileType = audio.mp3; path = shutter.mp3; sourceTree = "<group>"; };
		97F438161A991CEC00A33FD2 /* Memory.swift */ = {isa = PBXFileReference; fileEncoding = 4; lastKnownFileType = sourcecode.swift; path = Memory.swift; sourceTree = "<group>"; };
		97FA33421BF7BEFE00248F67 /* Events.xib */ = {isa = PBXFileReference; fileEncoding = 4; lastKnownFileType = file.xib; path = Events.xib; sourceTree = "<group>"; };
		97FA33441BF7E18800248F67 /* EventController.swift */ = {isa = PBXFileReference; fileEncoding = 4; lastKnownFileType = sourcecode.swift; path = EventController.swift; sourceTree = "<group>"; };
		97FA33461BF7E3A400248F67 /* Event.xib */ = {isa = PBXFileReference; fileEncoding = 4; lastKnownFileType = file.xib; path = Event.xib; sourceTree = "<group>"; };
		97FA33481BF7E52600248F67 /* EventView.swift */ = {isa = PBXFileReference; fileEncoding = 4; lastKnownFileType = sourcecode.swift; path = EventView.swift; sourceTree = "<group>"; };
		97FC732B1A840B8D00676F16 /* LLSimpleCamera.h */ = {isa = PBXFileReference; lastKnownFileType = sourcecode.c.h; path = LLSimpleCamera.h; sourceTree = "<group>"; };
		97FC732C1A840B8D00676F16 /* LLSimpleCamera.m */ = {isa = PBXFileReference; lastKnownFileType = sourcecode.c.objc; path = LLSimpleCamera.m; sourceTree = "<group>"; };
		97FC732D1A840B8D00676F16 /* UIImage+FixOrientation.h */ = {isa = PBXFileReference; lastKnownFileType = sourcecode.c.h; path = "UIImage+FixOrientation.h"; sourceTree = "<group>"; };
		97FC732E1A840B8D00676F16 /* UIImage+FixOrientation.m */ = {isa = PBXFileReference; lastKnownFileType = sourcecode.c.objc; path = "UIImage+FixOrientation.m"; sourceTree = "<group>"; };
		97FC86661C00EEB600C30C56 /* FlagView.xib */ = {isa = PBXFileReference; fileEncoding = 4; lastKnownFileType = file.xib; path = FlagView.xib; sourceTree = "<group>"; };
		97FC86681C00EED400C30C56 /* FlagsView.xib */ = {isa = PBXFileReference; fileEncoding = 4; lastKnownFileType = file.xib; path = FlagsView.xib; sourceTree = "<group>"; };
		97FC866A1C00F44D00C30C56 /* FlagView.swift */ = {isa = PBXFileReference; fileEncoding = 4; lastKnownFileType = sourcecode.swift; path = FlagView.swift; sourceTree = "<group>"; };
		97FC866C1C00F45D00C30C56 /* FlagController.swift */ = {isa = PBXFileReference; fileEncoding = 4; lastKnownFileType = sourcecode.swift; path = FlagController.swift; sourceTree = "<group>"; };
		97FE667B1A99EB1E0007FC2C /* ShareView.xib */ = {isa = PBXFileReference; fileEncoding = 4; lastKnownFileType = file.xib; path = ShareView.xib; sourceTree = "<group>"; };
		97FE667D1A99FC220007FC2C /* Modal.swift */ = {isa = PBXFileReference; fileEncoding = 4; lastKnownFileType = sourcecode.swift; path = Modal.swift; sourceTree = "<group>"; };
		97FE667F1A9A19570007FC2C /* User.swift */ = {isa = PBXFileReference; fileEncoding = 4; lastKnownFileType = sourcecode.swift; path = User.swift; sourceTree = "<group>"; };
		97FE66811A9A1A400007FC2C /* memories.plist */ = {isa = PBXFileReference; fileEncoding = 4; lastKnownFileType = text.plist.xml; path = memories.plist; sourceTree = "<group>"; };
		97FE66831A9A50C60007FC2C /* MessageView.xib */ = {isa = PBXFileReference; fileEncoding = 4; lastKnownFileType = file.xib; path = MessageView.xib; sourceTree = "<group>"; };
		D8214AFD7360B795E86E35A6 /* libPods.a */ = {isa = PBXFileReference; explicitFileType = archive.ar; includeInIndex = 0; path = libPods.a; sourceTree = BUILT_PRODUCTS_DIR; };
/* End PBXFileReference section */

/* Begin PBXFrameworksBuildPhase section */
		97A353401A800B9500973CAC /* Frameworks */ = {
			isa = PBXFrameworksBuildPhase;
			buildActionMask = 2147483647;
			files = (
				97EA40011AFEA36B005507BF /* AVFoundation.framework in Frameworks */,
				9725CD421A98D2C60081C1B3 /* SystemConfiguration.framework in Frameworks */,
				9725CD401A98D2BE0081C1B3 /* Security.framework in Frameworks */,
				9725CD3E1A98D2AA0081C1B3 /* CFNetwork.framework in Frameworks */,
				9725CD3C1A98D2950081C1B3 /* libc++.dylib in Frameworks */,
				9725CD3A1A98D26E0081C1B3 /* libicucore.dylib in Frameworks */,
				9725CD381A98D22C0081C1B3 /* Firebase.framework in Frameworks */,
				976696EB1A8A992D004CB60D /* QuartzCore.framework in Frameworks */,
				9759BF701A80318300B945CB /* ImageIO.framework in Frameworks */,
				9759BF6E1A802C4100B945CB /* CoreLocation.framework in Frameworks */,
				97A3536D1A801CFA00973CAC /* MapKit.framework in Frameworks */,
				351B950BBBC0C3C497174B4F /* libPods.a in Frameworks */,
			);
			runOnlyForDeploymentPostprocessing = 0;
		};
		97C732541C0E5A70002B5214 /* Frameworks */ = {
			isa = PBXFrameworksBuildPhase;
			buildActionMask = 2147483647;
			files = (
			);
			runOnlyForDeploymentPostprocessing = 0;
		};
/* End PBXFrameworksBuildPhase section */

/* Begin PBXGroup section */
		850AD98990B700D9BC165773 /* Pods */ = {
			isa = PBXGroup;
			children = (
				3395B5D75F7716A51B4FAC20 /* Pods.debug.xcconfig */,
				8D2932CC8DC9A55330BCF225 /* Pods.release.xcconfig */,
			);
			name = Pods;
			sourceTree = "<group>";
		};
		973F251D1C0B77E20034A235 /* StateMachine */ = {
			isa = PBXGroup;
			children = (
				973F25211C0B7A2D0034A235 /* Flag.swift */,
				973F25241C0B7C450034A235 /* FlagState.swift */,
				973F25271C0B7EC50034A235 /* FlagToken.swift */,
				973F252A1C0B8F1E0034A235 /* StateMachineError.swift */,
				973F252D1C0BA6F50034A235 /* Invitee2.swift */,
				973F25301C0BA8D60034A235 /* InviteeState.swift */,
			);
			name = StateMachine;
			sourceTree = "<group>";
		};
		973F251E1C0B79D80034A235 /* StateMachine */ = {
			isa = PBXGroup;
			children = (
				973F251F1C0B7A160034A235 /* FlagTest.swift */,
				973F25331C0BA9610034A235 /* InviteeTest.swift */,
				97C7326B1C0E608D002B5214 /* FlagStateTest.swift */,
			);
			name = StateMachine;
			path = ../illbebackTests;
			sourceTree = "<group>";
		};
		97662C8E1BA2218E00ACFF3A /* Users */ = {
			isa = PBXGroup;
			children = (
				97FE667F1A9A19570007FC2C /* User.swift */,
				97AA0CFA1AFFFBFB007199A8 /* NewUser.xib */,
			);
			name = Users;
			sourceTree = "<group>";
		};
		97662C901BA2228800ACFF3A /* Pins */ = {
			isa = PBXGroup;
			children = (
				97E3B9171A857A00007DB06E /* MapPin.swift */,
				972006A01A90ECC100B5E74C /* MapPinView.swift */,
				972006A21A90ED2B00B5E74C /* MapPinCallout.swift */,
			);
			name = Pins;
			sourceTree = "<group>";
		};
		97662C911BA222B100ACFF3A /* Shapes */ = {
			isa = PBXGroup;
			children = (
				97767D531B91901600B6A827 /* ShapeController.swift */,
				97767D571B91B2BD00B6A827 /* ShapeCorner.swift */,
				97767D591B91B3D800B6A827 /* ShapeCornerView.swift */,
				97767D5B1B91DE2200B6A827 /* ShapeOptions.xib */,
			);
			name = Shapes;
			sourceTree = "<group>";
		};
		97662C921BA222D100ACFF3A /* Memories */ = {
			isa = PBXGroup;
			children = (
				976696EC1A8A9EF4004CB60D /* CategoryController.swift */,
				97420BBD1A92A0320076E561 /* AddMemoryController.swift */,
				97A3534C1A800B9500973CAC /* MemoriesController.swift */,
				97F438161A991CEC00A33FD2 /* Memory.swift */,
				97140FD81A99282300B2F49A /* MemoryAlbum.swift */,
				972006A61A9140FB00B5E74C /* DescriptionView.xib */,
				97767D511B9088F300B6A827 /* SearchView.xib */,
				976696EE1A8AA317004CB60D /* CategoryView.xib */,
				971807441BEE75DB007B759B /* Invitee.swift */,
			);
			name = Memories;
			sourceTree = "<group>";
		};
		97662C931BA2230100ACFF3A /* Photo */ = {
			isa = PBXGroup;
			children = (
				97A3534A1A800B9500973CAC /* RememberController.swift */,
				97EA3FFC1AFE078D005507BF /* RephotoController.swift */,
				975CD7431AFFD6E800662BFC /* ZoomController.swift */,
				972006A41A910E7500B5E74C /* PhotoAlbum.swift */,
				979F850A1AA11B8600A11F7F /* Camera.swift */,
				97EA40021AFEB74C005507BF /* shutter.mp3 */,
				97B05E211BC468FB00B24BEC /* ZoomSwipeController.swift */,
				97B05E251BC4746100B24BEC /* ZoomPageControl.xib */,
				97002F0D1BC91679002BF217 /* Photo.swift */,
			);
			name = Photo;
			sourceTree = "<group>";
		};
		97662C941BA2231A00ACFF3A /* Share */ = {
			isa = PBXGroup;
			children = (
				9717D3EE1B9254D3006455D8 /* ShareController.swift */,
				9725CD431A98D58B0081C1B3 /* Sharer.swift */,
				97FE667B1A99EB1E0007FC2C /* ShareView.xib */,
			);
			name = Share;
			sourceTree = "<group>";
		};
		97662C951BA2236100ACFF3A /* General */ = {
			isa = PBXGroup;
			children = (
				97FE667D1A99FC220007FC2C /* Modal.swift */,
				97A353531A800B9500973CAC /* LaunchScreen.xib */,
				97FE66831A9A50C60007FC2C /* MessageView.xib */,
				97EA3FFE1AFE9A1C005507BF /* Black.xib */,
				9749EE441BF749E300C1606B /* Global.swift */,
			);
			name = General;
			sourceTree = "<group>";
		};
		97662C961BA2237C00ACFF3A /* Infrastructure */ = {
			isa = PBXGroup;
			children = (
				9725CD411A98D2C60081C1B3 /* SystemConfiguration.framework */,
				9725CD3F1A98D2BE0081C1B3 /* Security.framework */,
				9725CD3D1A98D2AA0081C1B3 /* CFNetwork.framework */,
				9725CD3B1A98D2950081C1B3 /* libc++.dylib */,
				9725CD391A98D26E0081C1B3 /* libicucore.dylib */,
				9725CD371A98D22C0081C1B3 /* Firebase.framework */,
				976696EA1A8A992D004CB60D /* QuartzCore.framework */,
				97FC73291A840B8D00676F16 /* LLSimpleCamera */,
				9759BF6F1A80318300B945CB /* ImageIO.framework */,
				9759BF6D1A802C4100B945CB /* CoreLocation.framework */,
				97A3536C1A801CFA00973CAC /* MapKit.framework */,
			);
			name = Infrastructure;
			sourceTree = "<group>";
		};
		97A3533A1A800B9500973CAC = {
			isa = PBXGroup;
			children = (
				97662C961BA2237C00ACFF3A /* Infrastructure */,
				97A353451A800B9500973CAC /* illbeback */,
				97C732581C0E5A70002B5214 /* BackmapUITests */,
				97A353441A800B9500973CAC /* Products */,
				850AD98990B700D9BC165773 /* Pods */,
				EECFAABBC43934F677B29798 /* Frameworks */,
			);
			sourceTree = "<group>";
		};
		97A353441A800B9500973CAC /* Products */ = {
			isa = PBXGroup;
			children = (
				97A353431A800B9500973CAC /* I'll Be Back.app */,
				97C732571C0E5A70002B5214 /* BackmapUITests.xctest */,
			);
			name = Products;
			sourceTree = "<group>";
		};
		97A353451A800B9500973CAC /* illbeback */ = {
			isa = PBXGroup;
			children = (
				973F251D1C0B77E20034A235 /* StateMachine */,
				97FC86651C00EE6300C30C56 /* NewFlags */,
				97A353461A800B9500973CAC /* Supporting Files */,
				97A3536A1A800EF500973CAC /* Media.xcassets */,
				97FA33411BF7BEE500248F67 /* Events */,
				97662C901BA2228800ACFF3A /* Pins */,
				97662C931BA2230100ACFF3A /* Photo */,
				97662C941BA2231A00ACFF3A /* Share */,
				97662C921BA222D100ACFF3A /* Memories */,
				97662C951BA2236100ACFF3A /* General */,
				97662C8E1BA2218E00ACFF3A /* Users */,
				97662C911BA222B100ACFF3A /* Shapes */,
			);
			path = illbeback;
			sourceTree = "<group>";
		};
		97A353461A800B9500973CAC /* Supporting Files */ = {
			isa = PBXGroup;
			children = (
				9793DB5B1A840DEB007324F2 /* illbeback-Bridging-Header.h */,
				97A353481A800B9500973CAC /* AppDelegate.swift */,
				97A3534E1A800B9500973CAC /* Main.storyboard */,
				9759BF6B1A802AD300B945CB /* illbebackinfo.plist */,
				97A353471A800B9500973CAC /* Info.plist */,
				9772846B1A8A818B00CE628D /* user.plist */,
				97FE66811A9A1A400007FC2C /* memories.plist */,
			);
			name = "Supporting Files";
			sourceTree = "<group>";
		};
		97C732581C0E5A70002B5214 /* BackmapUITests */ = {
			isa = PBXGroup;
			children = (
				973F251E1C0B79D80034A235 /* StateMachine */,
				97C732591C0E5A70002B5214 /* BackmapUITests.swift */,
				97C7325B1C0E5A70002B5214 /* Info.plist */,
			);
			path = BackmapUITests;
			sourceTree = "<group>";
		};
		97FA33411BF7BEE500248F67 /* Events */ = {
			isa = PBXGroup;
			children = (
				97FA33421BF7BEFE00248F67 /* Events.xib */,
				97FA33441BF7E18800248F67 /* EventController.swift */,
				97FA33461BF7E3A400248F67 /* Event.xib */,
				97FA33481BF7E52600248F67 /* EventView.swift */,
			);
			name = Events;
			sourceTree = "<group>";
		};
		97FC73291A840B8D00676F16 /* LLSimpleCamera */ = {
			isa = PBXGroup;
			children = (
				97FC732B1A840B8D00676F16 /* LLSimpleCamera.h */,
				97FC732C1A840B8D00676F16 /* LLSimpleCamera.m */,
				97FC732D1A840B8D00676F16 /* UIImage+FixOrientation.h */,
				97FC732E1A840B8D00676F16 /* UIImage+FixOrientation.m */,
			);
			path = LLSimpleCamera;
			sourceTree = "<group>";
		};
		97FC86651C00EE6300C30C56 /* NewFlags */ = {
			isa = PBXGroup;
			children = (
				97FC86661C00EEB600C30C56 /* FlagView.xib */,
				97FC86681C00EED400C30C56 /* FlagsView.xib */,
				97FC866A1C00F44D00C30C56 /* FlagView.swift */,
				97FC866C1C00F45D00C30C56 /* FlagController.swift */,
			);
			name = NewFlags;
			sourceTree = "<group>";
		};
		EECFAABBC43934F677B29798 /* Frameworks */ = {
			isa = PBXGroup;
			children = (
				97EA40001AFEA36B005507BF /* AVFoundation.framework */,
				973ABB2A1A99048300564820 /* libPods-AWSCognitoSync.a */,
				973ABB2B1A99048300564820 /* libPods-AWSiOSSDKv2.a */,
				D8214AFD7360B795E86E35A6 /* libPods.a */,
			);
			name = Frameworks;
			sourceTree = "<group>";
		};
/* End PBXGroup section */

/* Begin PBXNativeTarget section */
		97A353421A800B9500973CAC /* illbeback */ = {
			isa = PBXNativeTarget;
			buildConfigurationList = 97A353641A800B9500973CAC /* Build configuration list for PBXNativeTarget "illbeback" */;
			buildPhases = (
				B8065A9952B151568CE06A13 /* Check Pods Manifest.lock */,
				97A3533F1A800B9500973CAC /* Sources */,
				97A353401A800B9500973CAC /* Frameworks */,
				97A353411A800B9500973CAC /* Resources */,
				BAC22892BCCACC811FF4B9CB /* Copy Pods Resources */,
			);
			buildRules = (
			);
			dependencies = (
			);
			name = illbeback;
			productName = illbeback;
			productReference = 97A353431A800B9500973CAC /* I'll Be Back.app */;
			productType = "com.apple.product-type.application";
		};
		97C732561C0E5A70002B5214 /* BackmapUITests */ = {
			isa = PBXNativeTarget;
			buildConfigurationList = 97C7325E1C0E5A70002B5214 /* Build configuration list for PBXNativeTarget "BackmapUITests" */;
			buildPhases = (
				97C732531C0E5A70002B5214 /* Sources */,
				97C732541C0E5A70002B5214 /* Frameworks */,
				97C732551C0E5A70002B5214 /* Resources */,
			);
			buildRules = (
			);
			dependencies = (
				97C7325D1C0E5A70002B5214 /* PBXTargetDependency */,
			);
			name = BackmapUITests;
			productName = BackmapUITests;
			productReference = 97C732571C0E5A70002B5214 /* BackmapUITests.xctest */;
			productType = "com.apple.product-type.bundle.ui-testing";
		};
/* End PBXNativeTarget section */

/* Begin PBXProject section */
		97A3533B1A800B9500973CAC /* Project object */ = {
			isa = PBXProject;
			attributes = {
				LastSwiftUpdateCheck = 0710;
				LastUpgradeCheck = 0610;
				ORGANIZATIONNAME = "Spencer Ward";
				TargetAttributes = {
					97A353421A800B9500973CAC = {
						CreatedOnToolsVersion = 6.1.1;
						SystemCapabilities = {
							com.apple.Push = {
								enabled = 1;
							};
						};
					};
					97C732561C0E5A70002B5214 = {
						CreatedOnToolsVersion = 7.1.1;
						TestTargetID = 97A353421A800B9500973CAC;
					};
				};
			};
			buildConfigurationList = 97A3533E1A800B9500973CAC /* Build configuration list for PBXProject "illbeback" */;
			compatibilityVersion = "Xcode 3.2";
			developmentRegion = English;
			hasScannedForEncodings = 0;
			knownRegions = (
				en,
				Base,
			);
			mainGroup = 97A3533A1A800B9500973CAC;
			productRefGroup = 97A353441A800B9500973CAC /* Products */;
			projectDirPath = "";
			projectRoot = "";
			targets = (
				97A353421A800B9500973CAC /* illbeback */,
				97C732561C0E5A70002B5214 /* BackmapUITests */,
			);
		};
/* End PBXProject section */

/* Begin PBXResourcesBuildPhase section */
		97A353411A800B9500973CAC /* Resources */ = {
			isa = PBXResourcesBuildPhase;
			buildActionMask = 2147483647;
			files = (
				9759BF6C1A802AD300B945CB /* illbebackinfo.plist in Resources */,
				97EA3FFF1AFE9A1C005507BF /* Black.xib in Resources */,
				972006A71A9140FB00B5E74C /* DescriptionView.xib in Resources */,
				97EA40031AFEB74C005507BF /* shutter.mp3 in Resources */,
				97FE66841A9A50C60007FC2C /* MessageView.xib in Resources */,
				97767D5C1B91DE2200B6A827 /* ShapeOptions.xib in Resources */,
				97AA0CFB1AFFFBFB007199A8 /* NewUser.xib in Resources */,
				97B05E261BC4746100B24BEC /* ZoomPageControl.xib in Resources */,
				9772846C1A8A818B00CE628D /* user.plist in Resources */,
				97FE66821A9A1A400007FC2C /* memories.plist in Resources */,
				97767D521B9088F300B6A827 /* SearchView.xib in Resources */,
				97A353501A800B9500973CAC /* Main.storyboard in Resources */,
				97FC86671C00EEB600C30C56 /* FlagView.xib in Resources */,
				97FA33471BF7E3A400248F67 /* Event.xib in Resources */,
				97A3536B1A800EF500973CAC /* Media.xcassets in Resources */,
				97FE667C1A99EB1E0007FC2C /* ShareView.xib in Resources */,
				976696EF1A8AA317004CB60D /* CategoryView.xib in Resources */,
				97A353551A800B9500973CAC /* LaunchScreen.xib in Resources */,
				97FA33431BF7BEFE00248F67 /* Events.xib in Resources */,
				97FC86691C00EED400C30C56 /* FlagsView.xib in Resources */,
			);
			runOnlyForDeploymentPostprocessing = 0;
		};
		97C732551C0E5A70002B5214 /* Resources */ = {
			isa = PBXResourcesBuildPhase;
			buildActionMask = 2147483647;
			files = (
			);
			runOnlyForDeploymentPostprocessing = 0;
		};
/* End PBXResourcesBuildPhase section */

/* Begin PBXShellScriptBuildPhase section */
		B8065A9952B151568CE06A13 /* Check Pods Manifest.lock */ = {
			isa = PBXShellScriptBuildPhase;
			buildActionMask = 2147483647;
			files = (
			);
			inputPaths = (
			);
			name = "Check Pods Manifest.lock";
			outputPaths = (
			);
			runOnlyForDeploymentPostprocessing = 0;
			shellPath = /bin/sh;
			shellScript = "diff \"${PODS_ROOT}/../Podfile.lock\" \"${PODS_ROOT}/Manifest.lock\" > /dev/null\nif [[ $? != 0 ]] ; then\n    cat << EOM\nerror: The sandbox is not in sync with the Podfile.lock. Run 'pod install' or update your CocoaPods installation.\nEOM\n    exit 1\nfi\n";
			showEnvVarsInLog = 0;
		};
		BAC22892BCCACC811FF4B9CB /* Copy Pods Resources */ = {
			isa = PBXShellScriptBuildPhase;
			buildActionMask = 2147483647;
			files = (
			);
			inputPaths = (
			);
			name = "Copy Pods Resources";
			outputPaths = (
			);
			runOnlyForDeploymentPostprocessing = 0;
			shellPath = /bin/sh;
			shellScript = "\"${SRCROOT}/Pods/Target Support Files/Pods/Pods-resources.sh\"\n";
			showEnvVarsInLog = 0;
		};
/* End PBXShellScriptBuildPhase section */

/* Begin PBXSourcesBuildPhase section */
		97A3533F1A800B9500973CAC /* Sources */ = {
			isa = PBXSourcesBuildPhase;
			buildActionMask = 2147483647;
			files = (
				9725CD441A98D58B0081C1B3 /* Sharer.swift in Sources */,
				9793DB621A8414EB007324F2 /* LLSimpleCamera.h in Sources */,
				97FA33451BF7E18800248F67 /* EventController.swift in Sources */,
				972006A31A90ED2B00B5E74C /* MapPinCallout.swift in Sources */,
				97002F0E1BC91679002BF217 /* Photo.swift in Sources */,
				973F252E1C0BA6F50034A235 /* Invitee2.swift in Sources */,
				97F438171A991CEC00A33FD2 /* Memory.swift in Sources */,
				97420BBE1A92A0320076E561 /* AddMemoryController.swift in Sources */,
				972006A51A910E7500B5E74C /* PhotoAlbum.swift in Sources */,
				97767D581B91B2BD00B6A827 /* ShapeCorner.swift in Sources */,
				971807451BEE75DB007B759B /* Invitee.swift in Sources */,
				97140FD91A99282300B2F49A /* MemoryAlbum.swift in Sources */,
				973F25221C0B7A2D0034A235 /* Flag.swift in Sources */,
				9717D3EF1B9254D3006455D8 /* ShareController.swift in Sources */,
				97B05E221BC468FB00B24BEC /* ZoomSwipeController.swift in Sources */,
				973F25311C0BA8D60034A235 /* InviteeState.swift in Sources */,
				97767D5A1B91B3D800B6A827 /* ShapeCornerView.swift in Sources */,
				9793DB631A8414EB007324F2 /* LLSimpleCamera.m in Sources */,
				97FA33491BF7E52600248F67 /* EventView.swift in Sources */,
				973F252B1C0B8F1E0034A235 /* StateMachineError.swift in Sources */,
				9793DB641A8414EB007324F2 /* UIImage+FixOrientation.h in Sources */,
				9749EE451BF749E300C1606B /* Global.swift in Sources */,
				97FE667E1A99FC220007FC2C /* Modal.swift in Sources */,
				97FC866D1C00F45D00C30C56 /* FlagController.swift in Sources */,
				9793DB651A8414EB007324F2 /* UIImage+FixOrientation.m in Sources */,
				97E3B9181A857A00007DB06E /* MapPin.swift in Sources */,
				979F850B1AA11B8600A11F7F /* Camera.swift in Sources */,
				97767D541B91901600B6A827 /* ShapeController.swift in Sources */,
				97A3534D1A800B9500973CAC /* MemoriesController.swift in Sources */,
				973F25251C0B7C450034A235 /* FlagState.swift in Sources */,
				97A353491A800B9500973CAC /* AppDelegate.swift in Sources */,
				975CD7441AFFD6E800662BFC /* ZoomController.swift in Sources */,
				97EA3FFD1AFE078D005507BF /* RephotoController.swift in Sources */,
				97FE66801A9A19570007FC2C /* User.swift in Sources */,
				97A3534B1A800B9500973CAC /* RememberController.swift in Sources */,
				976696ED1A8A9EF4004CB60D /* CategoryController.swift in Sources */,
				973F25281C0B7EC50034A235 /* FlagToken.swift in Sources */,
				97FC866B1C00F44D00C30C56 /* FlagView.swift in Sources */,
				972006A11A90ECC100B5E74C /* MapPinView.swift in Sources */,
			);
			runOnlyForDeploymentPostprocessing = 0;
		};
		97C732531C0E5A70002B5214 /* Sources */ = {
			isa = PBXSourcesBuildPhase;
			buildActionMask = 2147483647;
			files = (
				97C732671C0E5B73002B5214 /* StateMachineError.swift in Sources */,
				97C7325A1C0E5A70002B5214 /* BackmapUITests.swift in Sources */,
				97C732651C0E5B73002B5214 /* FlagState.swift in Sources */,
				97C732691C0E5B73002B5214 /* InviteeState.swift in Sources */,
				97C732631C0E5B0C002B5214 /* InviteeTest.swift in Sources */,
				97C732661C0E5B73002B5214 /* FlagToken.swift in Sources */,
				97C732621C0E5B0C002B5214 /* FlagTest.swift in Sources */,
				97C732641C0E5B73002B5214 /* Flag.swift in Sources */,
				97C7326A1C0E5BA0002B5214 /* User.swift in Sources */,
				97C732681C0E5B73002B5214 /* Invitee2.swift in Sources */,
				97C7326C1C0E608D002B5214 /* FlagStateTest.swift in Sources */,
			);
			runOnlyForDeploymentPostprocessing = 0;
		};
/* End PBXSourcesBuildPhase section */

/* Begin PBXTargetDependency section */
		97C7325D1C0E5A70002B5214 /* PBXTargetDependency */ = {
			isa = PBXTargetDependency;
			target = 97A353421A800B9500973CAC /* illbeback */;
			targetProxy = 97C7325C1C0E5A70002B5214 /* PBXContainerItemProxy */;
		};
/* End PBXTargetDependency section */

/* Begin PBXVariantGroup section */
		97A3534E1A800B9500973CAC /* Main.storyboard */ = {
			isa = PBXVariantGroup;
			children = (
				97A3534F1A800B9500973CAC /* Base */,
			);
			name = Main.storyboard;
			sourceTree = "<group>";
		};
		97A353531A800B9500973CAC /* LaunchScreen.xib */ = {
			isa = PBXVariantGroup;
			children = (
				97A353541A800B9500973CAC /* Base */,
			);
			name = LaunchScreen.xib;
			sourceTree = "<group>";
		};
/* End PBXVariantGroup section */

/* Begin XCBuildConfiguration section */
		97A353621A800B9500973CAC /* Debug */ = {
			isa = XCBuildConfiguration;
			buildSettings = {
				ALWAYS_SEARCH_USER_PATHS = NO;
				CLANG_CXX_LANGUAGE_STANDARD = "gnu++0x";
				CLANG_CXX_LIBRARY = "libc++";
				CLANG_ENABLE_MODULES = YES;
				CLANG_ENABLE_OBJC_ARC = YES;
				CLANG_WARN_BOOL_CONVERSION = YES;
				CLANG_WARN_CONSTANT_CONVERSION = YES;
				CLANG_WARN_DIRECT_OBJC_ISA_USAGE = YES_ERROR;
				CLANG_WARN_EMPTY_BODY = YES;
				CLANG_WARN_ENUM_CONVERSION = YES;
				CLANG_WARN_INT_CONVERSION = YES;
				CLANG_WARN_OBJC_ROOT_CLASS = YES_ERROR;
				CLANG_WARN_UNREACHABLE_CODE = YES;
				CLANG_WARN__DUPLICATE_METHOD_MATCH = YES;
				"CODE_SIGN_IDENTITY[sdk=iphoneos*]" = "iPhone Developer";
				COPY_PHASE_STRIP = NO;
				DEFINES_MODULE = YES;
				ENABLE_STRICT_OBJC_MSGSEND = YES;
				GCC_C_LANGUAGE_STANDARD = gnu99;
				GCC_DYNAMIC_NO_PIC = NO;
				GCC_OPTIMIZATION_LEVEL = 0;
				GCC_PREPROCESSOR_DEFINITIONS = (
					"DEBUG=1",
					"$(inherited)",
				);
				GCC_SYMBOLS_PRIVATE_EXTERN = NO;
				GCC_WARN_64_TO_32_BIT_CONVERSION = YES;
				GCC_WARN_ABOUT_RETURN_TYPE = YES_ERROR;
				GCC_WARN_UNDECLARED_SELECTOR = YES;
				GCC_WARN_UNINITIALIZED_AUTOS = YES_AGGRESSIVE;
				GCC_WARN_UNUSED_FUNCTION = YES;
				GCC_WARN_UNUSED_VARIABLE = YES;
				IPHONEOS_DEPLOYMENT_TARGET = 8.1;
				MTL_ENABLE_DEBUG_INFO = YES;
				ONLY_ACTIVE_ARCH = YES;
				OTHER_LDFLAGS = "";
				SDKROOT = iphoneos;
				SWIFT_OBJC_BRIDGING_HEADER = "";
				SWIFT_OPTIMIZATION_LEVEL = "-Onone";
			};
			name = Debug;
		};
		97A353631A800B9500973CAC /* Release */ = {
			isa = XCBuildConfiguration;
			buildSettings = {
				ALWAYS_SEARCH_USER_PATHS = NO;
				CLANG_CXX_LANGUAGE_STANDARD = "gnu++0x";
				CLANG_CXX_LIBRARY = "libc++";
				CLANG_ENABLE_MODULES = YES;
				CLANG_ENABLE_OBJC_ARC = YES;
				CLANG_WARN_BOOL_CONVERSION = YES;
				CLANG_WARN_CONSTANT_CONVERSION = YES;
				CLANG_WARN_DIRECT_OBJC_ISA_USAGE = YES_ERROR;
				CLANG_WARN_EMPTY_BODY = YES;
				CLANG_WARN_ENUM_CONVERSION = YES;
				CLANG_WARN_INT_CONVERSION = YES;
				CLANG_WARN_OBJC_ROOT_CLASS = YES_ERROR;
				CLANG_WARN_UNREACHABLE_CODE = YES;
				CLANG_WARN__DUPLICATE_METHOD_MATCH = YES;
				"CODE_SIGN_IDENTITY[sdk=iphoneos*]" = "iPhone Developer";
				COPY_PHASE_STRIP = YES;
				DEFINES_MODULE = YES;
				ENABLE_NS_ASSERTIONS = NO;
				ENABLE_STRICT_OBJC_MSGSEND = YES;
				GCC_C_LANGUAGE_STANDARD = gnu99;
				GCC_WARN_64_TO_32_BIT_CONVERSION = YES;
				GCC_WARN_ABOUT_RETURN_TYPE = YES_ERROR;
				GCC_WARN_UNDECLARED_SELECTOR = YES;
				GCC_WARN_UNINITIALIZED_AUTOS = YES_AGGRESSIVE;
				GCC_WARN_UNUSED_FUNCTION = YES;
				GCC_WARN_UNUSED_VARIABLE = YES;
				IPHONEOS_DEPLOYMENT_TARGET = 8.1;
				MTL_ENABLE_DEBUG_INFO = NO;
				OTHER_LDFLAGS = "";
				SDKROOT = iphoneos;
				SWIFT_OBJC_BRIDGING_HEADER = "";
				VALIDATE_PRODUCT = YES;
			};
			name = Release;
		};
		97A353651A800B9500973CAC /* Debug */ = {
			isa = XCBuildConfiguration;
			baseConfigurationReference = 3395B5D75F7716A51B4FAC20 /* Pods.debug.xcconfig */;
			buildSettings = {
				ASSETCATALOG_COMPILER_APPICON_NAME = AppIcon;
				CODE_SIGN_IDENTITY = "iPhone Developer";
				"CODE_SIGN_IDENTITY[sdk=iphoneos*]" = "iPhone Developer";
				ENABLE_BITCODE = NO;
				FRAMEWORK_SEARCH_PATHS = (
					"$(inherited)",
					"$(PROJECT_DIR)",
				);
				INFOPLIST_FILE = illbeback/Info.plist;
				IPHONEOS_DEPLOYMENT_TARGET = 9.0;
				LD_RUNPATH_SEARCH_PATHS = "$(inherited) @executable_path/Frameworks";
				LIBRARY_SEARCH_PATHS = (
					"$(inherited)",
					"$(PROJECT_DIR)/Pods/build/Debug-iphoneos",
				);
				OTHER_LDFLAGS = "$(inherited)";
				PRODUCT_NAME = "I'll Be Back";
				PROVISIONING_PROFILE = "";
				SWIFT_OBJC_BRIDGING_HEADER = "illbeback/illbeback-Bridging-Header.h";
			};
			name = Debug;
		};
		97A353661A800B9500973CAC /* Release */ = {
			isa = XCBuildConfiguration;
			baseConfigurationReference = 8D2932CC8DC9A55330BCF225 /* Pods.release.xcconfig */;
			buildSettings = {
				ASSETCATALOG_COMPILER_APPICON_NAME = AppIcon;
				CODE_SIGN_IDENTITY = "iPhone Developer";
				"CODE_SIGN_IDENTITY[sdk=iphoneos*]" = "iPhone Developer";
				ENABLE_BITCODE = NO;
				FRAMEWORK_SEARCH_PATHS = (
					"$(inherited)",
					"$(PROJECT_DIR)",
				);
				INFOPLIST_FILE = illbeback/Info.plist;
				IPHONEOS_DEPLOYMENT_TARGET = 9.0;
				LD_RUNPATH_SEARCH_PATHS = "$(inherited) @executable_path/Frameworks";
				LIBRARY_SEARCH_PATHS = (
					"$(inherited)",
					"$(PROJECT_DIR)/Pods/build/Debug-iphoneos",
				);
				OTHER_LDFLAGS = "$(inherited)";
				PRODUCT_NAME = "I'll Be Back";
				PROVISIONING_PROFILE = "";
				SWIFT_OBJC_BRIDGING_HEADER = "illbeback/illbeback-Bridging-Header.h";
			};
			name = Release;
		};
		97C7325F1C0E5A70002B5214 /* Debug */ = {
			isa = XCBuildConfiguration;
			buildSettings = {
				DEBUG_INFORMATION_FORMAT = dwarf;
				ENABLE_TESTABILITY = YES;
				GCC_NO_COMMON_BLOCKS = YES;
				INFOPLIST_FILE = BackmapUITests/Info.plist;
				IPHONEOS_DEPLOYMENT_TARGET = 9.1;
				LD_RUNPATH_SEARCH_PATHS = "$(inherited) @executable_path/Frameworks @loader_path/Frameworks";
				PRODUCT_BUNDLE_IDENTIFIER = skw.BackmapUITests;
				PRODUCT_NAME = "$(TARGET_NAME)";
				TEST_TARGET_NAME = illbeback;
				USES_XCTRUNNER = YES;
			};
			name = Debug;
		};
		97C732601C0E5A70002B5214 /* Release */ = {
			isa = XCBuildConfiguration;
			buildSettings = {
				COPY_PHASE_STRIP = NO;
				DEBUG_INFORMATION_FORMAT = "dwarf-with-dsym";
				GCC_NO_COMMON_BLOCKS = YES;
				INFOPLIST_FILE = BackmapUITests/Info.plist;
				IPHONEOS_DEPLOYMENT_TARGET = 9.1;
				LD_RUNPATH_SEARCH_PATHS = "$(inherited) @executable_path/Frameworks @loader_path/Frameworks";
				PRODUCT_BUNDLE_IDENTIFIER = skw.BackmapUITests;
				PRODUCT_NAME = "$(TARGET_NAME)";
				TEST_TARGET_NAME = illbeback;
				USES_XCTRUNNER = YES;
			};
			name = Release;
		};
/* End XCBuildConfiguration section */

/* Begin XCConfigurationList section */
		97A3533E1A800B9500973CAC /* Build configuration list for PBXProject "illbeback" */ = {
			isa = XCConfigurationList;
			buildConfigurations = (
				97A353621A800B9500973CAC /* Debug */,
				97A353631A800B9500973CAC /* Release */,
			);
			defaultConfigurationIsVisible = 0;
			defaultConfigurationName = Release;
		};
		97A353641A800B9500973CAC /* Build configuration list for PBXNativeTarget "illbeback" */ = {
			isa = XCConfigurationList;
			buildConfigurations = (
				97A353651A800B9500973CAC /* Debug */,
				97A353661A800B9500973CAC /* Release */,
			);
			defaultConfigurationIsVisible = 0;
			defaultConfigurationName = Release;
		};
		97C7325E1C0E5A70002B5214 /* Build configuration list for PBXNativeTarget "BackmapUITests" */ = {
			isa = XCConfigurationList;
			buildConfigurations = (
				97C7325F1C0E5A70002B5214 /* Debug */,
				97C732601C0E5A70002B5214 /* Release */,
			);
			defaultConfigurationIsVisible = 0;
		};
/* End XCConfigurationList section */
	};
	rootObject = 97A3533B1A800B9500973CAC /* Project object */;
}
